// !$*UTF8*$!
{
	archiveVersion = 1;
	classes = {
	};
	objectVersion = 46;
	objects = {

/* Begin PBXBuildFile section */
		5AD83AC41BB17D4900ECF721 /* main.m in Sources */ = {isa = PBXBuildFile; fileRef = 5AD83AC31BB17D4900ECF721 /* main.m */; };
		5AD83AC71BB17D4900ECF721 /* AppDelegate.m in Sources */ = {isa = PBXBuildFile; fileRef = 5AD83AC61BB17D4900ECF721 /* AppDelegate.m */; };
		5AD83ACA1BB17D4900ECF721 /* ViewController.m in Sources */ = {isa = PBXBuildFile; fileRef = 5AD83AC91BB17D4900ECF721 /* ViewController.m */; };
		5AD83ACD1BB17D4900ECF721 /* Main.storyboard in Resources */ = {isa = PBXBuildFile; fileRef = 5AD83ACB1BB17D4900ECF721 /* Main.storyboard */; };
		5AD83ACF1BB17D4900ECF721 /* Images.xcassets in Resources */ = {isa = PBXBuildFile; fileRef = 5AD83ACE1BB17D4900ECF721 /* Images.xcassets */; };
		5AD83AD21BB17D4900ECF721 /* LaunchScreen.xib in Resources */ = {isa = PBXBuildFile; fileRef = 5AD83AD01BB17D4900ECF721 /* LaunchScreen.xib */; };
		5AD83ADE1BB17D4900ECF721 /* web3Tests.m in Sources */ = {isa = PBXBuildFile; fileRef = 5AD83ADD1BB17D4900ECF721 /* web3Tests.m */; };
		5AD83AE81BB17D5C00ECF721 /* sogou.pdf in Resources */ = {isa = PBXBuildFile; fileRef = 5AD83AE71BB17D5C00ECF721 /* sogou.pdf */; };
		5AD83AF01BB17D6D00ECF721 /* qq120.png in Resources */ = {isa = PBXBuildFile; fileRef = 5AD83AE91BB17D6D00ECF721 /* qq120.png */; };
		5AD83AF11BB17D6D00ECF721 /* 论文.docx in Resources */ = {isa = PBXBuildFile; fileRef = 5AD83AEA1BB17D6D00ECF721 /* 论文.docx */; };
		5AD83AF21BB17D6D00ECF721 /* ios.html in Resources */ = {isa = PBXBuildFile; fileRef = 5AD83AEB1BB17D6D00ECF721 /* ios.html */; };
		5AD83AF31BB17D6D00ECF721 /* android.html in Resources */ = {isa = PBXBuildFile; fileRef = 5AD83AEC1BB17D6D00ECF721 /* android.html */; };
		5AD83AF41BB17D6D00ECF721 /* ui.html in Resources */ = {isa = PBXBuildFile; fileRef = 5AD83AED1BB17D6D00ECF721 /* ui.html */; };
		5AD83AF51BB17D6D00ECF721 /* main.html in Resources */ = {isa = PBXBuildFile; fileRef = 5AD83AEE1BB17D6D00ECF721 /* main.html */; };
		5AD83AF61BB17D6D00ECF721 /* ui课程大纲.docx in Resources */ = {isa = PBXBuildFile; fileRef = 5AD83AEF1BB17D6D00ECF721 /* ui课程大纲.docx */; };
/* End PBXBuildFile section */

/* Begin PBXContainerItemProxy section */
		5AD83AD81BB17D4900ECF721 /* PBXContainerItemProxy */ = {
			isa = PBXContainerItemProxy;
			containerPortal = 5AD83AB61BB17D4900ECF721 /* Project object */;
			proxyType = 1;
			remoteGlobalIDString = 5AD83ABD1BB17D4900ECF721;
			remoteInfo = web3;
		};
/* End PBXContainerItemProxy section */

/* Begin PBXFileReference section */
		5AD83ABE1BB17D4900ECF721 /* web3.app */ = {isa = PBXFileReference; explicitFileType = wrapper.application; includeInIndex = 0; path = web3.app; sourceTree = BUILT_PRODUCTS_DIR; };
		5AD83AC21BB17D4900ECF721 /* Info.plist */ = {isa = PBXFileReference; lastKnownFileType = text.plist.xml; path = Info.plist; sourceTree = "<group>"; };
		5AD83AC31BB17D4900ECF721 /* main.m */ = {isa = PBXFileReference; lastKnownFileType = sourcecode.c.objc; path = main.m; sourceTree = "<group>"; };
		5AD83AC51BB17D4900ECF721 /* AppDelegate.h */ = {isa = PBXFileReference; lastKnownFileType = sourcecode.c.h; path = AppDelegate.h; sourceTree = "<group>"; };
		5AD83AC61BB17D4900ECF721 /* AppDelegate.m */ = {isa = PBXFileReference; lastKnownFileType = sourcecode.c.objc; path = AppDelegate.m; sourceTree = "<group>"; };
		5AD83AC81BB17D4900ECF721 /* ViewController.h */ = {isa = PBXFileReference; lastKnownFileType = sourcecode.c.h; path = ViewController.h; sourceTree = "<group>"; };
		5AD83AC91BB17D4900ECF721 /* ViewController.m */ = {isa = PBXFileReference; lastKnownFileType = sourcecode.c.objc; path = ViewController.m; sourceTree = "<group>"; };
		5AD83ACC1BB17D4900ECF721 /* Base */ = {isa = PBXFileReference; lastKnownFileType = file.storyboard; name = Base; path = Base.lproj/Main.storyboard; sourceTree = "<group>"; };
		5AD83ACE1BB17D4900ECF721 /* Images.xcassets */ = {isa = PBXFileReference; lastKnownFileType = folder.assetcatalog; path = Images.xcassets; sourceTree = "<group>"; };
		5AD83AD11BB17D4900ECF721 /* Base */ = {isa = PBXFileReference; lastKnownFileType = file.xib; name = Base; path = Base.lproj/LaunchScreen.xib; sourceTree = "<group>"; };
		5AD83AD71BB17D4900ECF721 /* web3Tests.xctest */ = {isa = PBXFileReference; explicitFileType = wrapper.cfbundle; includeInIndex = 0; path = web3Tests.xctest; sourceTree = BUILT_PRODUCTS_DIR; };
		5AD83ADC1BB17D4900ECF721 /* Info.plist */ = {isa = PBXFileReference; lastKnownFileType = text.plist.xml; path = Info.plist; sourceTree = "<group>"; };
		5AD83ADD1BB17D4900ECF721 /* web3Tests.m */ = {isa = PBXFileReference; lastKnownFileType = sourcecode.c.objc; path = web3Tests.m; sourceTree = "<group>"; };
		5AD83AE71BB17D5C00ECF721 /* sogou.pdf */ = {isa = PBXFileReference; lastKnownFileType = image.pdf; path = sogou.pdf; sourceTree = "<group>"; };
		5AD83AE91BB17D6D00ECF721 /* qq120.png */ = {isa = PBXFileReference; lastKnownFileType = image.png; path = qq120.png; sourceTree = "<group>"; };
		5AD83AEA1BB17D6D00ECF721 /* 论文.docx */ = {isa = PBXFileReference; lastKnownFileType = file; path = "论文.docx"; sourceTree = "<group>"; };
		5AD83AEB1BB17D6D00ECF721 /* ios.html */ = {isa = PBXFileReference; fileEncoding = 4; lastKnownFileType = text.html; path = ios.html; sourceTree = "<group>"; };
		5AD83AEC1BB17D6D00ECF721 /* android.html */ = {isa = PBXFileReference; fileEncoding = 4; lastKnownFileType = text.html; path = android.html; sourceTree = "<group>"; };
		5AD83AED1BB17D6D00ECF721 /* ui.html */ = {isa = PBXFileReference; fileEncoding = 4; lastKnownFileType = text.html; path = ui.html; sourceTree = "<group>"; };
		5AD83AEE1BB17D6D00ECF721 /* main.html */ = {isa = PBXFileReference; fileEncoding = 4; lastKnownFileType = text.html; path = main.html; sourceTree = "<group>"; };
		5AD83AEF1BB17D6D00ECF721 /* ui课程大纲.docx */ = {isa = PBXFileReference; lastKnownFileType = file; path = "ui课程大纲.docx"; sourceTree = "<group>"; };
/* End PBXFileReference section */

/* Begin PBXFrameworksBuildPhase section */
		5AD83ABB1BB17D4900ECF721 /* Frameworks */ = {
			isa = PBXFrameworksBuildPhase;
			buildActionMask = 2147483647;
			files = (
			);
			runOnlyForDeploymentPostprocessing = 0;
		};
		5AD83AD41BB17D4900ECF721 /* Frameworks */ = {
			isa = PBXFrameworksBuildPhase;
			buildActionMask = 2147483647;
			files = (
			);
			runOnlyForDeploymentPostprocessing = 0;
		};
/* End PBXFrameworksBuildPhase section */

/* Begin PBXGroup section */
		5AD83AB51BB17D4900ECF721 = {
			isa = PBXGroup;
			children = (
				5AD83AC01BB17D4900ECF721 /* web3 */,
				5AD83ADA1BB17D4900ECF721 /* web3Tests */,
				5AD83ABF1BB17D4900ECF721 /* Products */,
			);
			sourceTree = "<group>";
		};
		5AD83ABF1BB17D4900ECF721 /* Products */ = {
			isa = PBXGroup;
			children = (
				5AD83ABE1BB17D4900ECF721 /* web3.app */,
				5AD83AD71BB17D4900ECF721 /* web3Tests.xctest */,
			);
			name = Products;
			sourceTree = "<group>";
		};
		5AD83AC01BB17D4900ECF721 /* web3 */ = {
			isa = PBXGroup;
			children = (
				5AD83AE71BB17D5C00ECF721 /* sogou.pdf */,
				5AD83AE91BB17D6D00ECF721 /* qq120.png */,
				5AD83AEA1BB17D6D00ECF721 /* 论文.docx */,
				5AD83AEB1BB17D6D00ECF721 /* ios.html */,
				5AD83AEC1BB17D6D00ECF721 /* android.html */,
				5AD83AED1BB17D6D00ECF721 /* ui.html */,
				5AD83AEE1BB17D6D00ECF721 /* main.html */,
				5AD83AEF1BB17D6D00ECF721 /* ui课程大纲.docx */,
				5AD83AC51BB17D4900ECF721 /* AppDelegate.h */,
				5AD83AC61BB17D4900ECF721 /* AppDelegate.m */,
				5AD83AC81BB17D4900ECF721 /* ViewController.h */,
				5AD83AC91BB17D4900ECF721 /* ViewController.m */,
				5AD83ACB1BB17D4900ECF721 /* Main.storyboard */,
				5AD83ACE1BB17D4900ECF721 /* Images.xcassets */,
				5AD83AD01BB17D4900ECF721 /* LaunchScreen.xib */,
				5AD83AC11BB17D4900ECF721 /* Supporting Files */,
			);
			path = web3;
			sourceTree = "<group>";
		};
		5AD83AC11BB17D4900ECF721 /* Supporting Files */ = {
			isa = PBXGroup;
			children = (
				5AD83AC21BB17D4900ECF721 /* Info.plist */,
				5AD83AC31BB17D4900ECF721 /* main.m */,
			);
			name = "Supporting Files";
			sourceTree = "<group>";
		};
		5AD83ADA1BB17D4900ECF721 /* web3Tests */ = {
			isa = PBXGroup;
			children = (
				5AD83ADD1BB17D4900ECF721 /* web3Tests.m */,
				5AD83ADB1BB17D4900ECF721 /* Supporting Files */,
			);
			path = web3Tests;
			sourceTree = "<group>";
		};
		5AD83ADB1BB17D4900ECF721 /* Supporting Files */ = {
			isa = PBXGroup;
			children = (
				5AD83ADC1BB17D4900ECF721 /* Info.plist */,
			);
			name = "Supporting Files";
			sourceTree = "<group>";
		};
/* End PBXGroup section */

/* Begin PBXNativeTarget section */
		5AD83ABD1BB17D4900ECF721 /* web3 */ = {
			isa = PBXNativeTarget;
			buildConfigurationList = 5AD83AE11BB17D4900ECF721 /* Build configuration list for PBXNativeTarget "web3" */;
			buildPhases = (
				5AD83ABA1BB17D4900ECF721 /* Sources */,
				5AD83ABB1BB17D4900ECF721 /* Frameworks */,
				5AD83ABC1BB17D4900ECF721 /* Resources */,
			);
			buildRules = (
			);
			dependencies = (
			);
			name = web3;
			productName = web3;
			productReference = 5AD83ABE1BB17D4900ECF721 /* web3.app */;
			productType = "com.apple.product-type.application";
		};
		5AD83AD61BB17D4900ECF721 /* web3Tests */ = {
			isa = PBXNativeTarget;
			buildConfigurationList = 5AD83AE41BB17D4900ECF721 /* Build configuration list for PBXNativeTarget "web3Tests" */;
			buildPhases = (
				5AD83AD31BB17D4900ECF721 /* Sources */,
				5AD83AD41BB17D4900ECF721 /* Frameworks */,
				5AD83AD51BB17D4900ECF721 /* Resources */,
			);
			buildRules = (
			);
			dependencies = (
				5AD83AD91BB17D4900ECF721 /* PBXTargetDependency */,
			);
			name = web3Tests;
			productName = web3Tests;
			productReference = 5AD83AD71BB17D4900ECF721 /* web3Tests.xctest */;
			productType = "com.apple.product-type.bundle.unit-test";
		};
/* End PBXNativeTarget section */

/* Begin PBXProject section */
		5AD83AB61BB17D4900ECF721 /* Project object */ = {
			isa = PBXProject;
			attributes = {
				LastUpgradeCheck = 0640;
				ORGANIZATIONNAME = nlg;
				TargetAttributes = {
					5AD83ABD1BB17D4900ECF721 = {
						CreatedOnToolsVersion = 6.4;
					};
					5AD83AD61BB17D4900ECF721 = {
						CreatedOnToolsVersion = 6.4;
						TestTargetID = 5AD83ABD1BB17D4900ECF721;
					};
				};
			};
			buildConfigurationList = 5AD83AB91BB17D4900ECF721 /* Build configuration list for PBXProject "web3" */;
			compatibilityVersion = "Xcode 3.2";
			developmentRegion = English;
			hasScannedForEncodings = 0;
			knownRegions = (
				en,
				Base,
			);
			mainGroup = 5AD83AB51BB17D4900ECF721;
			productRefGroup = 5AD83ABF1BB17D4900ECF721 /* Products */;
			projectDirPath = "";
			projectRoot = "";
			targets = (
				5AD83ABD1BB17D4900ECF721 /* web3 */,
				5AD83AD61BB17D4900ECF721 /* web3Tests */,
			);
		};
/* End PBXProject section */

/* Begin PBXResourcesBuildPhase section */
		5AD83ABC1BB17D4900ECF721 /* Resources */ = {
			isa = PBXResourcesBuildPhase;
			buildActionMask = 2147483647;
			files = (
				5AD83AF41BB17D6D00ECF721 /* ui.html in Resources */,
				5AD83AF51BB17D6D00ECF721 /* main.html in Resources */,
				5AD83AF61BB17D6D00ECF721 /* ui课程大纲.docx in Resources */,
				5AD83AF31BB17D6D00ECF721 /* android.html in Resources */,
				5AD83AF11BB17D6D00ECF721 /* 论文.docx in Resources */,
				5AD83ACD1BB17D4900ECF721 /* Main.storyboard in Resources */,
				5AD83AD21BB17D4900ECF721 /* LaunchScreen.xib in Resources */,
				5AD83AF21BB17D6D00ECF721 /* ios.html in Resources */,
				5AD83AE81BB17D5C00ECF721 /* sogou.pdf in Resources */,
				5AD83ACF1BB17D4900ECF721 /* Images.xcassets in Resources */,
				5AD83AF01BB17D6D00ECF721 /* qq120.png in Resources */,
			);
			runOnlyForDeploymentPostprocessing = 0;
		};
		5AD83AD51BB17D4900ECF721 /* Resources */ = {
			isa = PBXResourcesBuildPhase;
			buildActionMask = 2147483647;
			files = (
			);
			runOnlyForDeploymentPostprocessing = 0;
		};
/* End PBXResourcesBuildPhase section */

/* Begin PBXSourcesBuildPhase section */
		5AD83ABA1BB17D4900ECF721 /* Sources */ = {
			isa = PBXSourcesBuildPhase;
			buildActionMask = 2147483647;
			files = (
				5AD83ACA1BB17D4900ECF721 /* ViewController.m in Sources */,
				5AD83AC71BB17D4900ECF721 /* AppDelegate.m in Sources */,
				5AD83AC41BB17D4900ECF721 /* main.m in Sources */,
			);
			runOnlyForDeploymentPostprocessing = 0;
		};
		5AD83AD31BB17D4900ECF721 /* Sources */ = {
			isa = PBXSourcesBuildPhase;
			buildActionMask = 2147483647;
			files = (
				5AD83ADE1BB17D4900ECF721 /* web3Tests.m in Sources */,
			);
			runOnlyForDeploymentPostprocessing = 0;
		};
/* End PBXSourcesBuildPhase section */

/* Begin PBXTargetDependency section */
		5AD83AD91BB17D4900ECF721 /* PBXTargetDependency */ = {
			isa = PBXTargetDependency;
			target = 5AD83ABD1BB17D4900ECF721 /* web3 */;
			targetProxy = 5AD83AD81BB17D4900ECF721 /* PBXContainerItemProxy */;
		};
/* End PBXTargetDependency section */

/* Begin PBXVariantGroup section */
		5AD83ACB1BB17D4900ECF721 /* Main.storyboard */ = {
			isa = PBXVariantGroup;
			children = (
				5AD83ACC1BB17D4900ECF721 /* Base */,
			);
			name = Main.storyboard;
			sourceTree = "<group>";
		};
		5AD83AD01BB17D4900ECF721 /* LaunchScreen.xib */ = {
			isa = PBXVariantGroup;
			children = (
				5AD83AD11BB17D4900ECF721 /* Base */,
			);
			name = LaunchScreen.xib;
			sourceTree = "<group>";
		};
/* End PBXVariantGroup section */

/* Begin XCBuildConfiguration section */
		5AD83ADF1BB17D4900ECF721 /* Debug */ = {
			isa = XCBuildConfiguration;
			buildSettings = {
				ALWAYS_SEARCH_USER_PATHS = NO;
				CLANG_CXX_LANGUAGE_STANDARD = "gnu++0x";
				CLANG_CXX_LIBRARY = "libc++";
				CLANG_ENABLE_MODULES = YES;
				CLANG_ENABLE_OBJC_ARC = YES;
				CLANG_WARN_BOOL_CONVERSION = YES;
				CLANG_WARN_CONSTANT_CONVERSION = YES;
				CLANG_WARN_DIRECT_OBJC_ISA_USAGE = YES_ERROR;
				CLANG_WARN_EMPTY_BODY = YES;
				CLANG_WARN_ENUM_CONVERSION = YES;
				CLANG_WARN_INT_CONVERSION = YES;
				CLANG_WARN_OBJC_ROOT_CLASS = YES_ERROR;
				CLANG_WARN_UNREACHABLE_CODE = YES;
				CLANG_WARN__DUPLICATE_METHOD_MATCH = YES;
				"CODE_SIGN_IDENTITY[sdk=iphoneos*]" = "iPhone Developer";
				COPY_PHASE_STRIP = NO;
				DEBUG_INFORMATION_FORMAT = "dwarf-with-dsym";
				ENABLE_STRICT_OBJC_MSGSEND = YES;
				GCC_C_LANGUAGE_STANDARD = gnu99;
				GCC_DYNAMIC_NO_PIC = NO;
				GCC_NO_COMMON_BLOCKS = YES;
				GCC_OPTIMIZATION_LEVEL = 0;
				GCC_PREPROCESSOR_DEFINITIONS = (
					"DEBUG=1",
					"$(inherited)",
				);
				GCC_SYMBOLS_PRIVATE_EXTERN = NO;
				GCC_WARN_64_TO_32_BIT_CONVERSION = YES;
				GCC_WARN_ABOUT_RETURN_TYPE = YES_ERROR;
				GCC_WARN_UNDECLARED_SELECTOR = YES;
				GCC_WARN_UNINITIALIZED_AUTOS = YES_AGGRESSIVE;
				GCC_WARN_UNUSED_FUNCTION = YES;
				GCC_WARN_UNUSED_VARIABLE = YES;
				IPHONEOS_DEPLOYMENT_TARGET = 8.4;
				MTL_ENABLE_DEBUG_INFO = YES;
				ONLY_ACTIVE_ARCH = YES;
				SDKROOT = iphoneos;
			};
			name = Debug;
		};
		5AD83AE01BB17D4900ECF721 /* Release */ = {
			isa = XCBuildConfiguration;
			buildSettings = {
				ALWAYS_SEARCH_USER_PATHS = NO;
				CLANG_CXX_LANGUAGE_STANDARD = "gnu++0x";
				CLANG_CXX_LIBRARY = "libc++";
				CLANG_ENABLE_MODULES = YES;
				CLANG_ENABLE_OBJC_ARC = YES;
				CLANG_WARN_BOOL_CONVERSION = YES;
				CLANG_WARN_CONSTANT_CONVERSION = YES;
				CLANG_WARN_DIRECT_OBJC_ISA_USAGE = YES_ERROR;
				CLANG_WARN_EMPTY_BODY = YES;
				CLANG_WARN_ENUM_CONVERSION = YES;
				CLANG_WARN_INT_CONVERSION = YES;
				CLANG_WARN_OBJC_ROOT_CLASS = YES_ERROR;
				CLANG_WARN_UNREACHABLE_CODE = YES;
				CLANG_WARN__DUPLICATE_METHOD_MATCH = YES;
				"CODE_SIGN_IDENTITY[sdk=iphoneos*]" = "iPhone Developer";
				COPY_PHASE_STRIP = NO;
				DEBUG_INFORMATION_FORMAT = "dwarf-with-dsym";
				ENABLE_NS_ASSERTIONS = NO;
				ENABLE_STRICT_OBJC_MSGSEND = YES;
				GCC_C_LANGUAGE_STANDARD = gnu99;
				GCC_NO_COMMON_BLOCKS = YES;
				GCC_WARN_64_TO_32_BIT_CONVERSION = YES;
				GCC_WARN_ABOUT_RETURN_TYPE = YES_ERROR;
				GCC_WARN_UNDECLARED_SELECTOR = YES;
				GCC_WARN_UNINITIALIZED_AUTOS = YES_AGGRESSIVE;
				GCC_WARN_UNUSED_FUNCTION = YES;
				GCC_WARN_UNUSED_VARIABLE = YES;
				IPHONEOS_DEPLOYMENT_TARGET = 8.4;
				MTL_ENABLE_DEBUG_INFO = NO;
				SDKROOT = iphoneos;
				VALIDATE_PRODUCT = YES;
			};
			name = Release;
		};
		5AD83AE21BB17D4900ECF721 /* Debug */ = {
			isa = XCBuildConfiguration;
			buildSettings = {
				ASSETCATALOG_COMPILER_APPICON_NAME = AppIcon;
				INFOPLIST_FILE = web3/Info.plist;
				LD_RUNPATH_SEARCH_PATHS = "$(inherited) @executable_path/Frameworks";
				PRODUCT_NAME = "$(TARGET_NAME)";
			};
			name = Debug;
		};
		5AD83AE31BB17D4900ECF721 /* Release */ = {
			isa = XCBuildConfiguration;
			buildSettings = {
				ASSETCATALOG_COMPILER_APPICON_NAME = AppIcon;
				INFOPLIST_FILE = web3/Info.plist;
				LD_RUNPATH_SEARCH_PATHS = "$(inherited) @executable_path/Frameworks";
				PRODUCT_NAME = "$(TARGET_NAME)";
			};
			name = Release;
		};
		5AD83AE51BB17D4900ECF721 /* Debug */ = {
			isa = XCBuildConfiguration;
			buildSettings = {
				BUNDLE_LOADER = "$(TEST_HOST)";
				FRAMEWORK_SEARCH_PATHS = (
					"$(SDKROOT)/Developer/Library/Frameworks",
					"$(inherited)",
				);
				GCC_PREPROCESSOR_DEFINITIONS = (
					"DEBUG=1",
					"$(inherited)",
				);
				INFOPLIST_FILE = web3Tests/Info.plist;
				LD_RUNPATH_SEARCH_PATHS = "$(inherited) @executable_path/Frameworks @loader_path/Frameworks";
				PRODUCT_NAME = "$(TARGET_NAME)";
				TEST_HOST = "$(BUILT_PRODUCTS_DIR)/web3.app/web3";
			};
			name = Debug;
		};
		5AD83AE61BB17D4900ECF721 /* Release */ = {
			isa = XCBuildConfiguration;
			buildSettings = {
				BUNDLE_LOADER = "$(TEST_HOST)";
				FRAMEWORK_SEARCH_PATHS = (
					"$(SDKROOT)/Developer/Library/Frameworks",
					"$(inherited)",
				);
				INFOPLIST_FILE = web3Tests/Info.plist;
				LD_RUNPATH_SEARCH_PATHS = "$(inherited) @executable_path/Frameworks @loader_path/Frameworks";
				PRODUCT_NAME = "$(TARGET_NAME)";
				TEST_HOST = "$(BUILT_PRODUCTS_DIR)/web3.app/web3";
			};
			name = Release;
		};
/* End XCBuildConfiguration section */

/* Begin XCConfigurationList section */
		5AD83AB91BB17D4900ECF721 /* Build configuration list for PBXProject "web3" */ = {
			isa = XCConfigurationList;
			buildConfigurations = (
				5AD83ADF1BB17D4900ECF721 /* Debug */,
				5AD83AE01BB17D4900ECF721 /* Release */,
			);
			defaultConfigurationIsVisible = 0;
			defaultConfigurationName = Release;
		};
		5AD83AE11BB17D4900ECF721 /* Build configuration list for PBXNativeTarget "web3" */ = {
			isa = XCConfigurationList;
			buildConfigurations = (
				5AD83AE21BB17D4900ECF721 /* Debug */,
				5AD83AE31BB17D4900ECF721 /* Release */,
			);
			defaultConfigurationIsVisible = 0;
		};
		5AD83AE41BB17D4900ECF721 /* Build configuration list for PBXNativeTarget "web3Tests" */ = {
			isa = XCConfigurationList;
			buildConfigurations = (
				5AD83AE51BB17D4900ECF721 /* Debug */,
				5AD83AE61BB17D4900ECF721 /* Release */,
			);
			defaultConfigurationIsVisible = 0;
		};
/* End XCConfigurationList section */
	};
	rootObject = 5AD83AB61BB17D4900ECF721 /* Project object */;
}
