// !$*UTF8*$!
{
	archiveVersion = 1;
	classes = {
	};
	objectVersion = 46;
	objects = {

/* Begin PBXBuildFile section */
		19CCDA901BABAD140002692C /* main.m in Sources */ = {isa = PBXBuildFile; fileRef = 19CCDA8F1BABAD140002692C /* main.m */; };
		19CCDA931BABAD140002692C /* AppDelegate.m in Sources */ = {isa = PBXBuildFile; fileRef = 19CCDA921BABAD140002692C /* AppDelegate.m */; };
		19CCDA961BABAD140002692C /* ViewController.m in Sources */ = {isa = PBXBuildFile; fileRef = 19CCDA951BABAD140002692C /* ViewController.m */; };
		19CCDA991BABAD140002692C /* Main.storyboard in Resources */ = {isa = PBXBuildFile; fileRef = 19CCDA971BABAD140002692C /* Main.storyboard */; };
		19CCDA9B1BABAD140002692C /* Images.xcassets in Resources */ = {isa = PBXBuildFile; fileRef = 19CCDA9A1BABAD140002692C /* Images.xcassets */; };
		19CCDA9E1BABAD140002692C /* LaunchScreen.xib in Resources */ = {isa = PBXBuildFile; fileRef = 19CCDA9C1BABAD140002692C /* LaunchScreen.xib */; };
		19CCDAAA1BABAD140002692C /* MyWebViewTest2Tests.m in Sources */ = {isa = PBXBuildFile; fileRef = 19CCDAA91BABAD140002692C /* MyWebViewTest2Tests.m */; };
/* End PBXBuildFile section */

/* Begin PBXContainerItemProxy section */
		19CCDAA41BABAD140002692C /* PBXContainerItemProxy */ = {
			isa = PBXContainerItemProxy;
			containerPortal = 19CCDA821BABAD140002692C /* Project object */;
			proxyType = 1;
			remoteGlobalIDString = 19CCDA891BABAD140002692C;
			remoteInfo = MyWebViewTest2;
		};
/* End PBXContainerItemProxy section */

/* Begin PBXFileReference section */
		19CCDA8A1BABAD140002692C /* MyWebViewTest2.app */ = {isa = PBXFileReference; explicitFileType = wrapper.application; includeInIndex = 0; path = MyWebViewTest2.app; sourceTree = BUILT_PRODUCTS_DIR; };
		19CCDA8E1BABAD140002692C /* Info.plist */ = {isa = PBXFileReference; lastKnownFileType = text.plist.xml; path = Info.plist; sourceTree = "<group>"; };
		19CCDA8F1BABAD140002692C /* main.m */ = {isa = PBXFileReference; lastKnownFileType = sourcecode.c.objc; path = main.m; sourceTree = "<group>"; };
		19CCDA911BABAD140002692C /* AppDelegate.h */ = {isa = PBXFileReference; lastKnownFileType = sourcecode.c.h; path = AppDelegate.h; sourceTree = "<group>"; };
		19CCDA921BABAD140002692C /* AppDelegate.m */ = {isa = PBXFileReference; lastKnownFileType = sourcecode.c.objc; path = AppDelegate.m; sourceTree = "<group>"; };
		19CCDA941BABAD140002692C /* ViewController.h */ = {isa = PBXFileReference; lastKnownFileType = sourcecode.c.h; path = ViewController.h; sourceTree = "<group>"; };
		19CCDA951BABAD140002692C /* ViewController.m */ = {isa = PBXFileReference; lastKnownFileType = sourcecode.c.objc; path = ViewController.m; sourceTree = "<group>"; };
		19CCDA981BABAD140002692C /* Base */ = {isa = PBXFileReference; lastKnownFileType = file.storyboard; name = Base; path = Base.lproj/Main.storyboard; sourceTree = "<group>"; };
		19CCDA9A1BABAD140002692C /* Images.xcassets */ = {isa = PBXFileReference; lastKnownFileType = folder.assetcatalog; path = Images.xcassets; sourceTree = "<group>"; };
		19CCDA9D1BABAD140002692C /* Base */ = {isa = PBXFileReference; lastKnownFileType = file.xib; name = Base; path = Base.lproj/LaunchScreen.xib; sourceTree = "<group>"; };
		19CCDAA31BABAD140002692C /* MyWebViewTest2Tests.xctest */ = {isa = PBXFileReference; explicitFileType = wrapper.cfbundle; includeInIndex = 0; path = MyWebViewTest2Tests.xctest; sourceTree = BUILT_PRODUCTS_DIR; };
		19CCDAA81BABAD140002692C /* Info.plist */ = {isa = PBXFileReference; lastKnownFileType = text.plist.xml; path = Info.plist; sourceTree = "<group>"; };
		19CCDAA91BABAD140002692C /* MyWebViewTest2Tests.m */ = {isa = PBXFileReference; lastKnownFileType = sourcecode.c.objc; path = MyWebViewTest2Tests.m; sourceTree = "<group>"; };
/* End PBXFileReference section */

/* Begin PBXFrameworksBuildPhase section */
		19CCDA871BABAD140002692C /* Frameworks */ = {
			isa = PBXFrameworksBuildPhase;
			buildActionMask = 2147483647;
			files = (
			);
			runOnlyForDeploymentPostprocessing = 0;
		};
		19CCDAA01BABAD140002692C /* Frameworks */ = {
			isa = PBXFrameworksBuildPhase;
			buildActionMask = 2147483647;
			files = (
			);
			runOnlyForDeploymentPostprocessing = 0;
		};
/* End PBXFrameworksBuildPhase section */

/* Begin PBXGroup section */
		19CCDA811BABAD140002692C = {
			isa = PBXGroup;
			children = (
				19CCDA8C1BABAD140002692C /* MyWebViewTest2 */,
				19CCDAA61BABAD140002692C /* MyWebViewTest2Tests */,
				19CCDA8B1BABAD140002692C /* Products */,
			);
			sourceTree = "<group>";
		};
		19CCDA8B1BABAD140002692C /* Products */ = {
			isa = PBXGroup;
			children = (
				19CCDA8A1BABAD140002692C /* MyWebViewTest2.app */,
				19CCDAA31BABAD140002692C /* MyWebViewTest2Tests.xctest */,
			);
			name = Products;
			sourceTree = "<group>";
		};
		19CCDA8C1BABAD140002692C /* MyWebViewTest2 */ = {
			isa = PBXGroup;
			children = (
				19CCDA911BABAD140002692C /* AppDelegate.h */,
				19CCDA921BABAD140002692C /* AppDelegate.m */,
				19CCDA941BABAD140002692C /* ViewController.h */,
				19CCDA951BABAD140002692C /* ViewController.m */,
				19CCDA971BABAD140002692C /* Main.storyboard */,
				19CCDA9A1BABAD140002692C /* Images.xcassets */,
				19CCDA9C1BABAD140002692C /* LaunchScreen.xib */,
				19CCDA8D1BABAD140002692C /* Supporting Files */,
			);
			path = MyWebViewTest2;
			sourceTree = "<group>";
		};
		19CCDA8D1BABAD140002692C /* Supporting Files */ = {
			isa = PBXGroup;
			children = (
				19CCDA8E1BABAD140002692C /* Info.plist */,
				19CCDA8F1BABAD140002692C /* main.m */,
			);
			name = "Supporting Files";
			sourceTree = "<group>";
		};
		19CCDAA61BABAD140002692C /* MyWebViewTest2Tests */ = {
			isa = PBXGroup;
			children = (
				19CCDAA91BABAD140002692C /* MyWebViewTest2Tests.m */,
				19CCDAA71BABAD140002692C /* Supporting Files */,
			);
			path = MyWebViewTest2Tests;
			sourceTree = "<group>";
		};
		19CCDAA71BABAD140002692C /* Supporting Files */ = {
			isa = PBXGroup;
			children = (
				19CCDAA81BABAD140002692C /* Info.plist */,
			);
			name = "Supporting Files";
			sourceTree = "<group>";
		};
/* End PBXGroup section */

/* Begin PBXNativeTarget section */
		19CCDA891BABAD140002692C /* MyWebViewTest2 */ = {
			isa = PBXNativeTarget;
			buildConfigurationList = 19CCDAAD1BABAD140002692C /* Build configuration list for PBXNativeTarget "MyWebViewTest2" */;
			buildPhases = (
				19CCDA861BABAD140002692C /* Sources */,
				19CCDA871BABAD140002692C /* Frameworks */,
				19CCDA881BABAD140002692C /* Resources */,
			);
			buildRules = (
			);
			dependencies = (
			);
			name = MyWebViewTest2;
			productName = MyWebViewTest2;
			productReference = 19CCDA8A1BABAD140002692C /* MyWebViewTest2.app */;
			productType = "com.apple.product-type.application";
		};
		19CCDAA21BABAD140002692C /* MyWebViewTest2Tests */ = {
			isa = PBXNativeTarget;
			buildConfigurationList = 19CCDAB01BABAD140002692C /* Build configuration list for PBXNativeTarget "MyWebViewTest2Tests" */;
			buildPhases = (
				19CCDA9F1BABAD140002692C /* Sources */,
				19CCDAA01BABAD140002692C /* Frameworks */,
				19CCDAA11BABAD140002692C /* Resources */,
			);
			buildRules = (
			);
			dependencies = (
				19CCDAA51BABAD140002692C /* PBXTargetDependency */,
			);
			name = MyWebViewTest2Tests;
			productName = MyWebViewTest2Tests;
			productReference = 19CCDAA31BABAD140002692C /* MyWebViewTest2Tests.xctest */;
			productType = "com.apple.product-type.bundle.unit-test";
		};
/* End PBXNativeTarget section */

/* Begin PBXProject section */
		19CCDA821BABAD140002692C /* Project object */ = {
			isa = PBXProject;
			attributes = {
				LastUpgradeCheck = 0640;
				ORGANIZATIONNAME = sdzy;
				TargetAttributes = {
					19CCDA891BABAD140002692C = {
						CreatedOnToolsVersion = 6.4;
					};
					19CCDAA21BABAD140002692C = {
						CreatedOnToolsVersion = 6.4;
						TestTargetID = 19CCDA891BABAD140002692C;
					};
				};
			};
			buildConfigurationList = 19CCDA851BABAD140002692C /* Build configuration list for PBXProject "MyWebViewTest2" */;
			compatibilityVersion = "Xcode 3.2";
			developmentRegion = English;
			hasScannedForEncodings = 0;
			knownRegions = (
				en,
				Base,
			);
			mainGroup = 19CCDA811BABAD140002692C;
			productRefGroup = 19CCDA8B1BABAD140002692C /* Products */;
			projectDirPath = "";
			projectRoot = "";
			targets = (
				19CCDA891BABAD140002692C /* MyWebViewTest2 */,
				19CCDAA21BABAD140002692C /* MyWebViewTest2Tests */,
			);
		};
/* End PBXProject section */

/* Begin PBXResourcesBuildPhase section */
		19CCDA881BABAD140002692C /* Resources */ = {
			isa = PBXResourcesBuildPhase;
			buildActionMask = 2147483647;
			files = (
				19CCDA991BABAD140002692C /* Main.storyboard in Resources */,
				19CCDA9E1BABAD140002692C /* LaunchScreen.xib in Resources */,
				19CCDA9B1BABAD140002692C /* Images.xcassets in Resources */,
			);
			runOnlyForDeploymentPostprocessing = 0;
		};
		19CCDAA11BABAD140002692C /* Resources */ = {
			isa = PBXResourcesBuildPhase;
			buildActionMask = 2147483647;
			files = (
			);
			runOnlyForDeploymentPostprocessing = 0;
		};
/* End PBXResourcesBuildPhase section */

/* Begin PBXSourcesBuildPhase section */
		19CCDA861BABAD140002692C /* Sources */ = {
			isa = PBXSourcesBuildPhase;
			buildActionMask = 2147483647;
			files = (
				19CCDA961BABAD140002692C /* ViewController.m in Sources */,
				19CCDA931BABAD140002692C /* AppDelegate.m in Sources */,
				19CCDA901BABAD140002692C /* main.m in Sources */,
			);
			runOnlyForDeploymentPostprocessing = 0;
		};
		19CCDA9F1BABAD140002692C /* Sources */ = {
			isa = PBXSourcesBuildPhase;
			buildActionMask = 2147483647;
			files = (
				19CCDAAA1BABAD140002692C /* MyWebViewTest2Tests.m in Sources */,
			);
			runOnlyForDeploymentPostprocessing = 0;
		};
/* End PBXSourcesBuildPhase section */

/* Begin PBXTargetDependency section */
		19CCDAA51BABAD140002692C /* PBXTargetDependency */ = {
			isa = PBXTargetDependency;
			target = 19CCDA891BABAD140002692C /* MyWebViewTest2 */;
			targetProxy = 19CCDAA41BABAD140002692C /* PBXContainerItemProxy */;
		};
/* End PBXTargetDependency section */

/* Begin PBXVariantGroup section */
		19CCDA971BABAD140002692C /* Main.storyboard */ = {
			isa = PBXVariantGroup;
			children = (
				19CCDA981BABAD140002692C /* Base */,
			);
			name = Main.storyboard;
			sourceTree = "<group>";
		};
		19CCDA9C1BABAD140002692C /* LaunchScreen.xib */ = {
			isa = PBXVariantGroup;
			children = (
				19CCDA9D1BABAD140002692C /* Base */,
			);
			name = LaunchScreen.xib;
			sourceTree = "<group>";
		};
/* End PBXVariantGroup section */

/* Begin XCBuildConfiguration section */
		19CCDAAB1BABAD140002692C /* Debug */ = {
			isa = XCBuildConfiguration;
			buildSettings = {
				ALWAYS_SEARCH_USER_PATHS = NO;
				CLANG_CXX_LANGUAGE_STANDARD = "gnu++0x";
				CLANG_CXX_LIBRARY = "libc++";
				CLANG_ENABLE_MODULES = YES;
				CLANG_ENABLE_OBJC_ARC = YES;
				CLANG_WARN_BOOL_CONVERSION = YES;
				CLANG_WARN_CONSTANT_CONVERSION = YES;
				CLANG_WARN_DIRECT_OBJC_ISA_USAGE = YES_ERROR;
				CLANG_WARN_EMPTY_BODY = YES;
				CLANG_WARN_ENUM_CONVERSION = YES;
				CLANG_WARN_INT_CONVERSION = YES;
				CLANG_WARN_OBJC_ROOT_CLASS = YES_ERROR;
				CLANG_WARN_UNREACHABLE_CODE = YES;
				CLANG_WARN__DUPLICATE_METHOD_MATCH = YES;
				"CODE_SIGN_IDENTITY[sdk=iphoneos*]" = "iPhone Developer";
				COPY_PHASE_STRIP = NO;
				DEBUG_INFORMATION_FORMAT = "dwarf-with-dsym";
				ENABLE_STRICT_OBJC_MSGSEND = YES;
				GCC_C_LANGUAGE_STANDARD = gnu99;
				GCC_DYNAMIC_NO_PIC = NO;
				GCC_NO_COMMON_BLOCKS = YES;
				GCC_OPTIMIZATION_LEVEL = 0;
				GCC_PREPROCESSOR_DEFINITIONS = (
					"DEBUG=1",
					"$(inherited)",
				);
				GCC_SYMBOLS_PRIVATE_EXTERN = NO;
				GCC_WARN_64_TO_32_BIT_CONVERSION = YES;
				GCC_WARN_ABOUT_RETURN_TYPE = YES_ERROR;
				GCC_WARN_UNDECLARED_SELECTOR = YES;
				GCC_WARN_UNINITIALIZED_AUTOS = YES_AGGRESSIVE;
				GCC_WARN_UNUSED_FUNCTION = YES;
				GCC_WARN_UNUSED_VARIABLE = YES;
				IPHONEOS_DEPLOYMENT_TARGET = 8.4;
				MTL_ENABLE_DEBUG_INFO = YES;
				ONLY_ACTIVE_ARCH = YES;
				SDKROOT = iphoneos;
			};
			name = Debug;
		};
		19CCDAAC1BABAD140002692C /* Release */ = {
			isa = XCBuildConfiguration;
			buildSettings = {
				ALWAYS_SEARCH_USER_PATHS = NO;
				CLANG_CXX_LANGUAGE_STANDARD = "gnu++0x";
				CLANG_CXX_LIBRARY = "libc++";
				CLANG_ENABLE_MODULES = YES;
				CLANG_ENABLE_OBJC_ARC = YES;
				CLANG_WARN_BOOL_CONVERSION = YES;
				CLANG_WARN_CONSTANT_CONVERSION = YES;
				CLANG_WARN_DIRECT_OBJC_ISA_USAGE = YES_ERROR;
				CLANG_WARN_EMPTY_BODY = YES;
				CLANG_WARN_ENUM_CONVERSION = YES;
				CLANG_WARN_INT_CONVERSION = YES;
				CLANG_WARN_OBJC_ROOT_CLASS = YES_ERROR;
				CLANG_WARN_UNREACHABLE_CODE = YES;
				CLANG_WARN__DUPLICATE_METHOD_MATCH = YES;
				"CODE_SIGN_IDENTITY[sdk=iphoneos*]" = "iPhone Developer";
				COPY_PHASE_STRIP = NO;
				DEBUG_INFORMATION_FORMAT = "dwarf-with-dsym";
				ENABLE_NS_ASSERTIONS = NO;
				ENABLE_STRICT_OBJC_MSGSEND = YES;
				GCC_C_LANGUAGE_STANDARD = gnu99;
				GCC_NO_COMMON_BLOCKS = YES;
				GCC_WARN_64_TO_32_BIT_CONVERSION = YES;
				GCC_WARN_ABOUT_RETURN_TYPE = YES_ERROR;
				GCC_WARN_UNDECLARED_SELECTOR = YES;
				GCC_WARN_UNINITIALIZED_AUTOS = YES_AGGRESSIVE;
				GCC_WARN_UNUSED_FUNCTION = YES;
				GCC_WARN_UNUSED_VARIABLE = YES;
				IPHONEOS_DEPLOYMENT_TARGET = 8.4;
				MTL_ENABLE_DEBUG_INFO = NO;
				SDKROOT = iphoneos;
				VALIDATE_PRODUCT = YES;
			};
			name = Release;
		};
		19CCDAAE1BABAD140002692C /* Debug */ = {
			isa = XCBuildConfiguration;
			buildSettings = {
				ASSETCATALOG_COMPILER_APPICON_NAME = AppIcon;
				INFOPLIST_FILE = MyWebViewTest2/Info.plist;
				LD_RUNPATH_SEARCH_PATHS = "$(inherited) @executable_path/Frameworks";
				PRODUCT_NAME = "$(TARGET_NAME)";
			};
			name = Debug;
		};
		19CCDAAF1BABAD140002692C /* Release */ = {
			isa = XCBuildConfiguration;
			buildSettings = {
				ASSETCATALOG_COMPILER_APPICON_NAME = AppIcon;
				INFOPLIST_FILE = MyWebViewTest2/Info.plist;
				LD_RUNPATH_SEARCH_PATHS = "$(inherited) @executable_path/Frameworks";
				PRODUCT_NAME = "$(TARGET_NAME)";
			};
			name = Release;
		};
		19CCDAB11BABAD140002692C /* Debug */ = {
			isa = XCBuildConfiguration;
			buildSettings = {
				BUNDLE_LOADER = "$(TEST_HOST)";
				FRAMEWORK_SEARCH_PATHS = (
					"$(SDKROOT)/Developer/Library/Frameworks",
					"$(inherited)",
				);
				GCC_PREPROCESSOR_DEFINITIONS = (
					"DEBUG=1",
					"$(inherited)",
				);
				INFOPLIST_FILE = MyWebViewTest2Tests/Info.plist;
				LD_RUNPATH_SEARCH_PATHS = "$(inherited) @executable_path/Frameworks @loader_path/Frameworks";
				PRODUCT_NAME = "$(TARGET_NAME)";
				TEST_HOST = "$(BUILT_PRODUCTS_DIR)/MyWebViewTest2.app/MyWebViewTest2";
			};
			name = Debug;
		};
		19CCDAB21BABAD140002692C /* Release */ = {
			isa = XCBuildConfiguration;
			buildSettings = {
				BUNDLE_LOADER = "$(TEST_HOST)";
				FRAMEWORK_SEARCH_PATHS = (
					"$(SDKROOT)/Developer/Library/Frameworks",
					"$(inherited)",
				);
				INFOPLIST_FILE = MyWebViewTest2Tests/Info.plist;
				LD_RUNPATH_SEARCH_PATHS = "$(inherited) @executable_path/Frameworks @loader_path/Frameworks";
				PRODUCT_NAME = "$(TARGET_NAME)";
				TEST_HOST = "$(BUILT_PRODUCTS_DIR)/MyWebViewTest2.app/MyWebViewTest2";
			};
			name = Release;
		};
/* End XCBuildConfiguration section */

/* Begin XCConfigurationList section */
		19CCDA851BABAD140002692C /* Build configuration list for PBXProject "MyWebViewTest2" */ = {
			isa = XCConfigurationList;
			buildConfigurations = (
				19CCDAAB1BABAD140002692C /* Debug */,
				19CCDAAC1BABAD140002692C /* Release */,
			);
			defaultConfigurationIsVisible = 0;
			defaultConfigurationName = Release;
		};
		19CCDAAD1BABAD140002692C /* Build configuration list for PBXNativeTarget "MyWebViewTest2" */ = {
			isa = XCConfigurationList;
			buildConfigurations = (
				19CCDAAE1BABAD140002692C /* Debug */,
				19CCDAAF1BABAD140002692C /* Release */,
			);
			defaultConfigurationIsVisible = 0;
		};
		19CCDAB01BABAD140002692C /* Build configuration list for PBXNativeTarget "MyWebViewTest2Tests" */ = {
			isa = XCConfigurationList;
			buildConfigurations = (
				19CCDAB11BABAD140002692C /* Debug */,
				19CCDAB21BABAD140002692C /* Release */,
			);
			defaultConfigurationIsVisible = 0;
		};
/* End XCConfigurationList section */
	};
	rootObject = 19CCDA821BABAD140002692C /* Project object */;
}
